PODS:
  - ResearchKit (1.5.2)
  - SQLite.swift (0.11.4):
    - SQLite.swift/standard (= 0.11.4)
  - SQLite.swift/standard (0.11.4)

DEPENDENCIES:
  - ResearchKit (~> 1.0)
  - SQLite.swift

SPEC CHECKSUMS:
  ResearchKit: a5770681dd61afddd3d1f24d232b9abf00cba454
  SQLite.swift: 3e3bee21da701b5b9f87c4a672cb54f233505692

PODFILE CHECKSUM: 0c9d59bf49ec2eace640389b392f46414e1d4167

COCOAPODS: 1.3.1
