// !$*UTF8*$!
{
	archiveVersion = 1;
	classes = {
	};
	objectVersion = 46;
	objects = {

/* Begin PBXBuildFile section */
		441D81E74C88FCF34CAE064F /* Pods_MobiliteDynamique.framework in Frameworks */ = {isa = PBXBuildFile; fileRef = 97260A9B84A455958058C875 /* Pods_MobiliteDynamique.framework */; };
		801E88191FD0D3010016C3BC /* ReportNavigationController.swift in Sources */ = {isa = PBXBuildFile; fileRef = 801E88181FD0D3010016C3BC /* ReportNavigationController.swift */; };
		801E88211FD0E6850016C3BC /* TrainSurveyTask.swift in Sources */ = {isa = PBXBuildFile; fileRef = 801E88201FD0E6850016C3BC /* TrainSurveyTask.swift */; };
		801E88371FD0F7A40016C3BC /* ResearchKit.framework in Frameworks */ = {isa = PBXBuildFile; fileRef = 801E88381FD0F7A40016C3BC /* ResearchKit.framework */; };
		801E883A1FD0FC0B0016C3BC /* TrainReportViewController.swift in Sources */ = {isa = PBXBuildFile; fileRef = 801E88391FD0FC0B0016C3BC /* TrainReportViewController.swift */; };
		801E883C1FD105800016C3BC /* BusSurveyTask.swift in Sources */ = {isa = PBXBuildFile; fileRef = 801E883B1FD105800016C3BC /* BusSurveyTask.swift */; };
		801E883E1FD1059F0016C3BC /* BusReportViewController.swift in Sources */ = {isa = PBXBuildFile; fileRef = 801E883D1FD1059F0016C3BC /* BusReportViewController.swift */; };
		801E88401FD107180016C3BC /* TaxiSurveyTask.swift in Sources */ = {isa = PBXBuildFile; fileRef = 801E883F1FD107180016C3BC /* TaxiSurveyTask.swift */; };
		801E88421FD109240016C3BC /* TaxiReportViewController.swift in Sources */ = {isa = PBXBuildFile; fileRef = 801E88411FD109240016C3BC /* TaxiReportViewController.swift */; };
		8031789B1F8B862900C6A337 /* LocationManager.swift in Sources */ = {isa = PBXBuildFile; fileRef = 8031789A1F8B862900C6A337 /* LocationManager.swift */; };
		803178A01F8B8F2400C6A337 /* AppDelegate.swift in Sources */ = {isa = PBXBuildFile; fileRef = 8031789F1F8B8F2400C6A337 /* AppDelegate.swift */; };
		803F1F081FCE11D300322F77 /* SampleData.swift in Sources */ = {isa = PBXBuildFile; fileRef = 803F1F071FCE11D200322F77 /* SampleData.swift */; };
		8047D99C1FDF348500C52184 /* Eureka.framework in Frameworks */ = {isa = PBXBuildFile; fileRef = 8047D99D1FDF348500C52184 /* Eureka.framework */; };
		8047D99E1FDF378200C52184 /* SideMenu.framework in Frameworks */ = {isa = PBXBuildFile; fileRef = 8047D99F1FDF378200C52184 /* SideMenu.framework */; };
		8047D9A31FDF59CD00C52184 /* UserDefaultsManager.swift in Sources */ = {isa = PBXBuildFile; fileRef = 8047D9A21FDF59CD00C52184 /* UserDefaultsManager.swift */; };
		8047D9A51FDF5C4D00C52184 /* NetworkManager.swift in Sources */ = {isa = PBXBuildFile; fileRef = 8047D9A41FDF5C4D00C52184 /* NetworkManager.swift */; };
		8047D9A71FDF657D00C52184 /* SideMenuViewController.swift in Sources */ = {isa = PBXBuildFile; fileRef = 8047D9A61FDF657D00C52184 /* SideMenuViewController.swift */; };
		8047D9A91FDF69D300C52184 /* SideMenuTableViewController.swift in Sources */ = {isa = PBXBuildFile; fileRef = 8047D9A81FDF69D200C52184 /* SideMenuTableViewController.swift */; };
		807E77411F8C37F900601C4C /* libsqlite3.0.tbd in Frameworks */ = {isa = PBXBuildFile; fileRef = 807E773F1F8C37F900601C4C /* libsqlite3.0.tbd */; };
		807E77421F8C37F900601C4C /* libsqlite3.tbd in Frameworks */ = {isa = PBXBuildFile; fileRef = 807E77401F8C37F900601C4C /* libsqlite3.tbd */; };
		80820CE01F9419F50054CD38 /* SQLite.framework in Frameworks */ = {isa = PBXBuildFile; fileRef = 80820CE11F9419F50054CD38 /* SQLite.framework */; };
		80820CE31F94585B0054CD38 /* Artwork.swift in Sources */ = {isa = PBXBuildFile; fileRef = 80820CE21F94585B0054CD38 /* Artwork.swift */; };
		80820CE51F9459D10054CD38 /* VCMapView.swift in Sources */ = {isa = PBXBuildFile; fileRef = 80820CE41F9459D10054CD38 /* VCMapView.swift */; };
		80AA2F9C1FD08B7F0080F058 /* CreateReportViewController.swift in Sources */ = {isa = PBXBuildFile; fileRef = 80AA2F9B1FD08B7F0080F058 /* CreateReportViewController.swift */; };
		80B0B3D51FE0709600D13419 /* ProfileViewController.swift in Sources */ = {isa = PBXBuildFile; fileRef = 80B0B3D41FE0709600D13419 /* ProfileViewController.swift */; };
		80B0B3E91FE2DC9500D13419 /* avatar_f.png in Resources */ = {isa = PBXBuildFile; fileRef = 80B0B3D81FE2DC9400D13419 /* avatar_f.png */; };
		80B0B3EA1FE2DC9500D13419 /* ic_share.png in Resources */ = {isa = PBXBuildFile; fileRef = 80B0B3D91FE2DC9400D13419 /* ic_share.png */; };
		80B0B3EB1FE2DC9500D13419 /* icons8-bus-50.png in Resources */ = {isa = PBXBuildFile; fileRef = 80B0B3DA1FE2DC9400D13419 /* icons8-bus-50.png */; };
		80B0B3EC1FE2DC9500D13419 /* mobilitadinamica_splashscreen_blu.png in Resources */ = {isa = PBXBuildFile; fileRef = 80B0B3DB1FE2DC9400D13419 /* mobilitadinamica_splashscreen_blu.png */; };
		80B0B3ED1FE2DC9500D13419 /* share.png in Resources */ = {isa = PBXBuildFile; fileRef = 80B0B3DC1FE2DC9400D13419 /* share.png */; };
		80B0B3EE1FE2DC9500D13419 /* smiley_sad.png in Resources */ = {isa = PBXBuildFile; fileRef = 80B0B3DD1FE2DC9400D13419 /* smiley_sad.png */; };
		80B0B3EF1FE2DC9500D13419 /* ic_add.png in Resources */ = {isa = PBXBuildFile; fileRef = 80B0B3DE1FE2DC9400D13419 /* ic_add.png */; };
		80B0B3F01FE2DC9500D13419 /* icons8-taxi-50.png in Resources */ = {isa = PBXBuildFile; fileRef = 80B0B3DF1FE2DC9400D13419 /* icons8-taxi-50.png */; };
		80B0B3F11FE2DC9500D13419 /* icons8-train-filled-50.png in Resources */ = {isa = PBXBuildFile; fileRef = 80B0B3E01FE2DC9400D13419 /* icons8-train-filled-50.png */; };
		80B0B3F21FE2DC9500D13419 /* ic_default.png in Resources */ = {isa = PBXBuildFile; fileRef = 80B0B3E11FE2DC9400D13419 /* ic_default.png */; };
		80B0B3F31FE2DC9500D13419 /* fumetto.png in Resources */ = {isa = PBXBuildFile; fileRef = 80B0B3E21FE2DC9400D13419 /* fumetto.png */; };
		80B0B3F41FE2DC9500D13419 /* avatar_m.png in Resources */ = {isa = PBXBuildFile; fileRef = 80B0B3E31FE2DC9500D13419 /* avatar_m.png */; };
		80B0B3F51FE2DC9500D13419 /* ic_chat.png in Resources */ = {isa = PBXBuildFile; fileRef = 80B0B3E41FE2DC9500D13419 /* ic_chat.png */; };
		80B0B3F61FE2DC9500D13419 /* mobilitadinamica_splashscreen.png in Resources */ = {isa = PBXBuildFile; fileRef = 80B0B3E51FE2DC9500D13419 /* mobilitadinamica_splashscreen.png */; };
		80B0B3F71FE2DC9500D13419 /* smiley_good.png in Resources */ = {isa = PBXBuildFile; fileRef = 80B0B3E61FE2DC9500D13419 /* smiley_good.png */; };
		80B0B3F81FE2DC9500D13419 /* peopleTalk.png in Resources */ = {isa = PBXBuildFile; fileRef = 80B0B3E71FE2DC9500D13419 /* peopleTalk.png */; };
		80B0B3F91FE2DC9500D13419 /* SideButton in Resources */ = {isa = PBXBuildFile; fileRef = 80B0B3E81FE2DC9500D13419 /* SideButton */; };
		80B2585C1F96C43200105B07 /* BusLinesViewController.swift in Sources */ = {isa = PBXBuildFile; fileRef = 80B2585B1F96C43200105B07 /* BusLinesViewController.swift */; };
		80B258601F96C55B00105B07 /* BusLines.swift in Sources */ = {isa = PBXBuildFile; fileRef = 80B2585F1F96C55B00105B07 /* BusLines.swift */; };
		80CC844E1F8C69D300E2EE24 /* BusMapViewController.swift in Sources */ = {isa = PBXBuildFile; fileRef = 80CC844D1F8C69D300E2EE24 /* BusMapViewController.swift */; };
		80CC84501F8C6A8500E2EE24 /* StoryboardSupport.swift in Sources */ = {isa = PBXBuildFile; fileRef = 80CC844F1F8C6A8500E2EE24 /* StoryboardSupport.swift */; };
		80DA33C11F826C0C003D9CD3 /* MainViewController.swift in Sources */ = {isa = PBXBuildFile; fileRef = 80DA33C01F826C0C003D9CD3 /* MainViewController.swift */; };
		80DA33C41F826C0C003D9CD3 /* Main.storyboard in Resources */ = {isa = PBXBuildFile; fileRef = 80DA33C21F826C0C003D9CD3 /* Main.storyboard */; };
		80DA33C61F826C0C003D9CD3 /* Assets.xcassets in Resources */ = {isa = PBXBuildFile; fileRef = 80DA33C51F826C0C003D9CD3 /* Assets.xcassets */; };
		80DA33C91F826C0C003D9CD3 /* LaunchScreen.storyboard in Resources */ = {isa = PBXBuildFile; fileRef = 80DA33C71F826C0C003D9CD3 /* LaunchScreen.storyboard */; };
		80E692901F8277750005D6D3 /* UserLocations.xcdatamodeld in Sources */ = {isa = PBXBuildFile; fileRef = 80E6928E1F8277750005D6D3 /* UserLocations.xcdatamodeld */; };
		80E692971F827AFB0005D6D3 /* BusLines.xcdatamodeld in Sources */ = {isa = PBXBuildFile; fileRef = 80E692951F827AFB0005D6D3 /* BusLines.xcdatamodeld */; };
		80EDECC01F97983F00F43388 /* busstop.csv in Resources */ = {isa = PBXBuildFile; fileRef = 80EDECBF1F97983F00F43388 /* busstop.csv */; };
		80EDECC21F97995500F43388 /* CSVparser.swift in Sources */ = {isa = PBXBuildFile; fileRef = 80EDECC11F97995500F43388 /* CSVparser.swift */; };
		80EDECC41F97A56500F43388 /* HomeViewController.swift in Sources */ = {isa = PBXBuildFile; fileRef = 80EDECC31F97A56500F43388 /* HomeViewController.swift */; };
		80EDECCA1F97F69C00F43388 /* UiColorFromRGB.swift in Sources */ = {isa = PBXBuildFile; fileRef = 80EDECC91F97F69C00F43388 /* UiColorFromRGB.swift */; };
/* End PBXBuildFile section */

/* Begin PBXFileReference section */
		0BF4DFD593C08257E7019A06 /* Pods-MobiliteDynamiqueTests.release.xcconfig */ = {isa = PBXFileReference; includeInIndex = 1; lastKnownFileType = text.xcconfig; name = "Pods-MobiliteDynamiqueTests.release.xcconfig"; path = "Pods/Target Support Files/Pods-MobiliteDynamiqueTests/Pods-MobiliteDynamiqueTests.release.xcconfig"; sourceTree = "<group>"; };
		100F6997A6421C7A59850D66 /* Pods_MobiliteDynamique_MobiliteDynamiqueUITests.framework */ = {isa = PBXFileReference; explicitFileType = wrapper.framework; includeInIndex = 0; path = Pods_MobiliteDynamique_MobiliteDynamiqueUITests.framework; sourceTree = BUILT_PRODUCTS_DIR; };
		18700F0463A16EC6DFF5E712 /* Pods_MobiliteDynamiqueTests.framework */ = {isa = PBXFileReference; explicitFileType = wrapper.framework; includeInIndex = 0; path = Pods_MobiliteDynamiqueTests.framework; sourceTree = BUILT_PRODUCTS_DIR; };
		1C81AC796A72F05C2A621D0F /* Pods-MobiliteDynamique-MobiliteDynamiqueUITests.debug.xcconfig */ = {isa = PBXFileReference; includeInIndex = 1; lastKnownFileType = text.xcconfig; name = "Pods-MobiliteDynamique-MobiliteDynamiqueUITests.debug.xcconfig"; path = "Pods/Target Support Files/Pods-MobiliteDynamique-MobiliteDynamiqueUITests/Pods-MobiliteDynamique-MobiliteDynamiqueUITests.debug.xcconfig"; sourceTree = "<group>"; };
		597B8239BCDB42819E679B14 /* Pods-MobiliteDynamique-MobiliteDynamiqueTests.release.xcconfig */ = {isa = PBXFileReference; includeInIndex = 1; lastKnownFileType = text.xcconfig; name = "Pods-MobiliteDynamique-MobiliteDynamiqueTests.release.xcconfig"; path = "Pods/Target Support Files/Pods-MobiliteDynamique-MobiliteDynamiqueTests/Pods-MobiliteDynamique-MobiliteDynamiqueTests.release.xcconfig"; sourceTree = "<group>"; };
		6D74A827C787EF855C4FDCE2 /* Pods-MobiliteDynamiqueUITests.debug.xcconfig */ = {isa = PBXFileReference; includeInIndex = 1; lastKnownFileType = text.xcconfig; name = "Pods-MobiliteDynamiqueUITests.debug.xcconfig"; path = "Pods/Target Support Files/Pods-MobiliteDynamiqueUITests/Pods-MobiliteDynamiqueUITests.debug.xcconfig"; sourceTree = "<group>"; };
		78DA376CAB8DE54B09AF1728 /* Pods-MobiliteDynamique-MobiliteDynamiqueUITests.release.xcconfig */ = {isa = PBXFileReference; includeInIndex = 1; lastKnownFileType = text.xcconfig; name = "Pods-MobiliteDynamique-MobiliteDynamiqueUITests.release.xcconfig"; path = "Pods/Target Support Files/Pods-MobiliteDynamique-MobiliteDynamiqueUITests/Pods-MobiliteDynamique-MobiliteDynamiqueUITests.release.xcconfig"; sourceTree = "<group>"; };
		801E88181FD0D3010016C3BC /* ReportNavigationController.swift */ = {isa = PBXFileReference; lastKnownFileType = sourcecode.swift; path = ReportNavigationController.swift; sourceTree = "<group>"; };
		801E88201FD0E6850016C3BC /* TrainSurveyTask.swift */ = {isa = PBXFileReference; lastKnownFileType = sourcecode.swift; path = TrainSurveyTask.swift; sourceTree = "<group>"; };
		801E88381FD0F7A40016C3BC /* ResearchKit.framework */ = {isa = PBXFileReference; explicitFileType = wrapper.framework; path = ResearchKit.framework; sourceTree = BUILT_PRODUCTS_DIR; };
		801E88391FD0FC0B0016C3BC /* TrainReportViewController.swift */ = {isa = PBXFileReference; lastKnownFileType = sourcecode.swift; path = TrainReportViewController.swift; sourceTree = "<group>"; };
		801E883B1FD105800016C3BC /* BusSurveyTask.swift */ = {isa = PBXFileReference; lastKnownFileType = sourcecode.swift; path = BusSurveyTask.swift; sourceTree = "<group>"; };
		801E883D1FD1059F0016C3BC /* BusReportViewController.swift */ = {isa = PBXFileReference; lastKnownFileType = sourcecode.swift; path = BusReportViewController.swift; sourceTree = "<group>"; };
		801E883F1FD107180016C3BC /* TaxiSurveyTask.swift */ = {isa = PBXFileReference; lastKnownFileType = sourcecode.swift; path = TaxiSurveyTask.swift; sourceTree = "<group>"; };
		801E88411FD109240016C3BC /* TaxiReportViewController.swift */ = {isa = PBXFileReference; lastKnownFileType = sourcecode.swift; path = TaxiReportViewController.swift; sourceTree = "<group>"; };
		8031789A1F8B862900C6A337 /* LocationManager.swift */ = {isa = PBXFileReference; fileEncoding = 4; lastKnownFileType = sourcecode.swift; path = LocationManager.swift; sourceTree = "<group>"; };
		8031789F1F8B8F2400C6A337 /* AppDelegate.swift */ = {isa = PBXFileReference; fileEncoding = 4; lastKnownFileType = sourcecode.swift; path = AppDelegate.swift; sourceTree = "<group>"; };
		803F1F071FCE11D200322F77 /* SampleData.swift */ = {isa = PBXFileReference; fileEncoding = 4; lastKnownFileType = sourcecode.swift; path = SampleData.swift; sourceTree = "<group>"; };
		8047D99B1FDF2ACB00C52184 /* Eureka.framework */ = {isa = PBXFileReference; explicitFileType = wrapper.framework; path = Eureka.framework; sourceTree = BUILT_PRODUCTS_DIR; };
		8047D99D1FDF348500C52184 /* Eureka.framework */ = {isa = PBXFileReference; explicitFileType = wrapper.framework; path = Eureka.framework; sourceTree = BUILT_PRODUCTS_DIR; };
		8047D99F1FDF378200C52184 /* SideMenu.framework */ = {isa = PBXFileReference; explicitFileType = wrapper.framework; path = SideMenu.framework; sourceTree = BUILT_PRODUCTS_DIR; };
		8047D9A21FDF59CD00C52184 /* UserDefaultsManager.swift */ = {isa = PBXFileReference; lastKnownFileType = sourcecode.swift; path = UserDefaultsManager.swift; sourceTree = "<group>"; };
		8047D9A41FDF5C4D00C52184 /* NetworkManager.swift */ = {isa = PBXFileReference; lastKnownFileType = sourcecode.swift; path = NetworkManager.swift; sourceTree = "<group>"; };
		8047D9A61FDF657D00C52184 /* SideMenuViewController.swift */ = {isa = PBXFileReference; lastKnownFileType = sourcecode.swift; path = SideMenuViewController.swift; sourceTree = "<group>"; };
		8047D9A81FDF69D200C52184 /* SideMenuTableViewController.swift */ = {isa = PBXFileReference; lastKnownFileType = sourcecode.swift; path = SideMenuTableViewController.swift; sourceTree = "<group>"; };
		807E773F1F8C37F900601C4C /* libsqlite3.0.tbd */ = {isa = PBXFileReference; lastKnownFileType = "sourcecode.text-based-dylib-definition"; name = libsqlite3.0.tbd; path = usr/lib/libsqlite3.0.tbd; sourceTree = SDKROOT; };
		807E77401F8C37F900601C4C /* libsqlite3.tbd */ = {isa = PBXFileReference; lastKnownFileType = "sourcecode.text-based-dylib-definition"; name = libsqlite3.tbd; path = usr/lib/libsqlite3.tbd; sourceTree = SDKROOT; };
		80820CE11F9419F50054CD38 /* SQLite.framework */ = {isa = PBXFileReference; explicitFileType = wrapper.framework; path = SQLite.framework; sourceTree = BUILT_PRODUCTS_DIR; };
		80820CE21F94585B0054CD38 /* Artwork.swift */ = {isa = PBXFileReference; lastKnownFileType = sourcecode.swift; path = Artwork.swift; sourceTree = "<group>"; };
		80820CE41F9459D10054CD38 /* VCMapView.swift */ = {isa = PBXFileReference; lastKnownFileType = sourcecode.swift; path = VCMapView.swift; sourceTree = "<group>"; };
		80AA2F9B1FD08B7F0080F058 /* CreateReportViewController.swift */ = {isa = PBXFileReference; lastKnownFileType = sourcecode.swift; path = CreateReportViewController.swift; sourceTree = "<group>"; };
		80B0B3D41FE0709600D13419 /* ProfileViewController.swift */ = {isa = PBXFileReference; lastKnownFileType = sourcecode.swift; path = ProfileViewController.swift; sourceTree = "<group>"; };
		80B0B3D81FE2DC9400D13419 /* avatar_f.png */ = {isa = PBXFileReference; lastKnownFileType = image.png; path = avatar_f.png; sourceTree = "<group>"; };
		80B0B3D91FE2DC9400D13419 /* ic_share.png */ = {isa = PBXFileReference; lastKnownFileType = image.png; path = ic_share.png; sourceTree = "<group>"; };
		80B0B3DA1FE2DC9400D13419 /* icons8-bus-50.png */ = {isa = PBXFileReference; lastKnownFileType = image.png; path = "icons8-bus-50.png"; sourceTree = "<group>"; };
		80B0B3DB1FE2DC9400D13419 /* mobilitadinamica_splashscreen_blu.png */ = {isa = PBXFileReference; lastKnownFileType = image.png; path = mobilitadinamica_splashscreen_blu.png; sourceTree = "<group>"; };
		80B0B3DC1FE2DC9400D13419 /* share.png */ = {isa = PBXFileReference; lastKnownFileType = image.png; path = share.png; sourceTree = "<group>"; };
		80B0B3DD1FE2DC9400D13419 /* smiley_sad.png */ = {isa = PBXFileReference; lastKnownFileType = image.png; path = smiley_sad.png; sourceTree = "<group>"; };
		80B0B3DE1FE2DC9400D13419 /* ic_add.png */ = {isa = PBXFileReference; lastKnownFileType = image.png; path = ic_add.png; sourceTree = "<group>"; };
		80B0B3DF1FE2DC9400D13419 /* icons8-taxi-50.png */ = {isa = PBXFileReference; lastKnownFileType = image.png; path = "icons8-taxi-50.png"; sourceTree = "<group>"; };
		80B0B3E01FE2DC9400D13419 /* icons8-train-filled-50.png */ = {isa = PBXFileReference; lastKnownFileType = image.png; path = "icons8-train-filled-50.png"; sourceTree = "<group>"; };
		80B0B3E11FE2DC9400D13419 /* ic_default.png */ = {isa = PBXFileReference; lastKnownFileType = image.png; path = ic_default.png; sourceTree = "<group>"; };
		80B0B3E21FE2DC9400D13419 /* fumetto.png */ = {isa = PBXFileReference; lastKnownFileType = image.png; path = fumetto.png; sourceTree = "<group>"; };
		80B0B3E31FE2DC9500D13419 /* avatar_m.png */ = {isa = PBXFileReference; lastKnownFileType = image.png; path = avatar_m.png; sourceTree = "<group>"; };
		80B0B3E41FE2DC9500D13419 /* ic_chat.png */ = {isa = PBXFileReference; lastKnownFileType = image.png; path = ic_chat.png; sourceTree = "<group>"; };
		80B0B3E51FE2DC9500D13419 /* mobilitadinamica_splashscreen.png */ = {isa = PBXFileReference; lastKnownFileType = image.png; path = mobilitadinamica_splashscreen.png; sourceTree = "<group>"; };
		80B0B3E61FE2DC9500D13419 /* smiley_good.png */ = {isa = PBXFileReference; lastKnownFileType = image.png; path = smiley_good.png; sourceTree = "<group>"; };
		80B0B3E71FE2DC9500D13419 /* peopleTalk.png */ = {isa = PBXFileReference; lastKnownFileType = image.png; path = peopleTalk.png; sourceTree = "<group>"; };
		80B0B3E81FE2DC9500D13419 /* SideButton */ = {isa = PBXFileReference; lastKnownFileType = folder; path = SideButton; sourceTree = "<group>"; };
		80B258581F96BFFA00105B07 /* SwiftCSV.framework */ = {isa = PBXFileReference; explicitFileType = wrapper.framework; path = SwiftCSV.framework; sourceTree = BUILT_PRODUCTS_DIR; };
		80B2585B1F96C43200105B07 /* BusLinesViewController.swift */ = {isa = PBXFileReference; lastKnownFileType = sourcecode.swift; path = BusLinesViewController.swift; sourceTree = "<group>"; };
		80B2585F1F96C55B00105B07 /* BusLines.swift */ = {isa = PBXFileReference; lastKnownFileType = sourcecode.swift; path = BusLines.swift; sourceTree = "<group>"; };
		80CC844D1F8C69D300E2EE24 /* BusMapViewController.swift */ = {isa = PBXFileReference; fileEncoding = 4; lastKnownFileType = sourcecode.swift; path = BusMapViewController.swift; sourceTree = "<group>"; };
		80CC844F1F8C6A8500E2EE24 /* StoryboardSupport.swift */ = {isa = PBXFileReference; fileEncoding = 4; lastKnownFileType = sourcecode.swift; path = StoryboardSupport.swift; sourceTree = "<group>"; };
		80DA33BB1F826C0C003D9CD3 /* MobiliteDynamique.app */ = {isa = PBXFileReference; explicitFileType = wrapper.application; includeInIndex = 0; path = MobiliteDynamique.app; sourceTree = BUILT_PRODUCTS_DIR; };
		80DA33C01F826C0C003D9CD3 /* MainViewController.swift */ = {isa = PBXFileReference; lastKnownFileType = sourcecode.swift; path = MainViewController.swift; sourceTree = "<group>"; };
		80DA33C31F826C0C003D9CD3 /* Base */ = {isa = PBXFileReference; lastKnownFileType = file.storyboard; name = Base; path = Base.lproj/Main.storyboard; sourceTree = "<group>"; };
		80DA33C51F826C0C003D9CD3 /* Assets.xcassets */ = {isa = PBXFileReference; lastKnownFileType = folder.assetcatalog; path = Assets.xcassets; sourceTree = "<group>"; };
		80DA33C81F826C0C003D9CD3 /* Base */ = {isa = PBXFileReference; lastKnownFileType = file.storyboard; name = Base; path = Base.lproj/LaunchScreen.storyboard; sourceTree = "<group>"; };
		80DA33CA1F826C0C003D9CD3 /* Info.plist */ = {isa = PBXFileReference; lastKnownFileType = text.plist.xml; path = Info.plist; sourceTree = "<group>"; };
		80DA33D31F826C0D003D9CD3 /* MobiliteDynamiqueTests.swift */ = {isa = PBXFileReference; lastKnownFileType = sourcecode.swift; path = MobiliteDynamiqueTests.swift; sourceTree = "<group>"; };
		80DA33D51F826C0D003D9CD3 /* Info.plist */ = {isa = PBXFileReference; lastKnownFileType = text.plist.xml; path = Info.plist; sourceTree = "<group>"; };
		80DA33DE1F826C0D003D9CD3 /* MobiliteDynamiqueUITests.swift */ = {isa = PBXFileReference; lastKnownFileType = sourcecode.swift; path = MobiliteDynamiqueUITests.swift; sourceTree = "<group>"; };
		80DA33E01F826C0D003D9CD3 /* Info.plist */ = {isa = PBXFileReference; lastKnownFileType = text.plist.xml; path = Info.plist; sourceTree = "<group>"; };
		80E6928F1F8277750005D6D3 /* UserLocations.xcdatamodel */ = {isa = PBXFileReference; lastKnownFileType = wrapper.xcdatamodel; path = UserLocations.xcdatamodel; sourceTree = "<group>"; };
		80E692961F827AFB0005D6D3 /* BusLines.xcdatamodel */ = {isa = PBXFileReference; lastKnownFileType = wrapper.xcdatamodel; path = BusLines.xcdatamodel; sourceTree = "<group>"; };
		80EDECBF1F97983F00F43388 /* busstop.csv */ = {isa = PBXFileReference; lastKnownFileType = text; path = busstop.csv; sourceTree = "<group>"; };
		80EDECC11F97995500F43388 /* CSVparser.swift */ = {isa = PBXFileReference; lastKnownFileType = sourcecode.swift; path = CSVparser.swift; sourceTree = "<group>"; };
		80EDECC31F97A56500F43388 /* HomeViewController.swift */ = {isa = PBXFileReference; lastKnownFileType = sourcecode.swift; path = HomeViewController.swift; sourceTree = "<group>"; };
		80EDECC91F97F69C00F43388 /* UiColorFromRGB.swift */ = {isa = PBXFileReference; lastKnownFileType = sourcecode.swift; path = UiColorFromRGB.swift; sourceTree = "<group>"; };
		97260A9B84A455958058C875 /* Pods_MobiliteDynamique.framework */ = {isa = PBXFileReference; explicitFileType = wrapper.framework; includeInIndex = 0; path = Pods_MobiliteDynamique.framework; sourceTree = BUILT_PRODUCTS_DIR; };
		98EFE1B85369B0EAA79E9F93 /* Pods-MobiliteDynamique.release.xcconfig */ = {isa = PBXFileReference; includeInIndex = 1; lastKnownFileType = text.xcconfig; name = "Pods-MobiliteDynamique.release.xcconfig"; path = "Pods/Target Support Files/Pods-MobiliteDynamique/Pods-MobiliteDynamique.release.xcconfig"; sourceTree = "<group>"; };
		9DBF64A7715D32899BC94577 /* Pods-MobiliteDynamiqueTests.debug.xcconfig */ = {isa = PBXFileReference; includeInIndex = 1; lastKnownFileType = text.xcconfig; name = "Pods-MobiliteDynamiqueTests.debug.xcconfig"; path = "Pods/Target Support Files/Pods-MobiliteDynamiqueTests/Pods-MobiliteDynamiqueTests.debug.xcconfig"; sourceTree = "<group>"; };
		C5913620DEBE1752D63BDE7F /* Pods_MobiliteDynamiqueUITests.framework */ = {isa = PBXFileReference; explicitFileType = wrapper.framework; includeInIndex = 0; path = Pods_MobiliteDynamiqueUITests.framework; sourceTree = BUILT_PRODUCTS_DIR; };
		D9FF255E7A010E448E251357 /* Pods-MobiliteDynamique-MobiliteDynamiqueTests.debug.xcconfig */ = {isa = PBXFileReference; includeInIndex = 1; lastKnownFileType = text.xcconfig; name = "Pods-MobiliteDynamique-MobiliteDynamiqueTests.debug.xcconfig"; path = "Pods/Target Support Files/Pods-MobiliteDynamique-MobiliteDynamiqueTests/Pods-MobiliteDynamique-MobiliteDynamiqueTests.debug.xcconfig"; sourceTree = "<group>"; };
		E80D4FFA4116F67BC7685DB0 /* Pods-MobiliteDynamique.debug.xcconfig */ = {isa = PBXFileReference; includeInIndex = 1; lastKnownFileType = text.xcconfig; name = "Pods-MobiliteDynamique.debug.xcconfig"; path = "Pods/Target Support Files/Pods-MobiliteDynamique/Pods-MobiliteDynamique.debug.xcconfig"; sourceTree = "<group>"; };
		F1436762D121BC6ACB4C9C83 /* Pods_MobiliteDynamique_MobiliteDynamiqueTests.framework */ = {isa = PBXFileReference; explicitFileType = wrapper.framework; includeInIndex = 0; path = Pods_MobiliteDynamique_MobiliteDynamiqueTests.framework; sourceTree = BUILT_PRODUCTS_DIR; };
		FD8B733E4C52B338D9DBB215 /* Pods-MobiliteDynamiqueUITests.release.xcconfig */ = {isa = PBXFileReference; includeInIndex = 1; lastKnownFileType = text.xcconfig; name = "Pods-MobiliteDynamiqueUITests.release.xcconfig"; path = "Pods/Target Support Files/Pods-MobiliteDynamiqueUITests/Pods-MobiliteDynamiqueUITests.release.xcconfig"; sourceTree = "<group>"; };
/* End PBXFileReference section */

/* Begin PBXFrameworksBuildPhase section */
		80DA33B81F826C0C003D9CD3 /* Frameworks */ = {
			isa = PBXFrameworksBuildPhase;
			buildActionMask = 2147483647;
			files = (
				8047D99E1FDF378200C52184 /* SideMenu.framework in Frameworks */,
				8047D99C1FDF348500C52184 /* Eureka.framework in Frameworks */,
				801E88371FD0F7A40016C3BC /* ResearchKit.framework in Frameworks */,
				80820CE01F9419F50054CD38 /* SQLite.framework in Frameworks */,
				807E77411F8C37F900601C4C /* libsqlite3.0.tbd in Frameworks */,
				807E77421F8C37F900601C4C /* libsqlite3.tbd in Frameworks */,
				441D81E74C88FCF34CAE064F /* Pods_MobiliteDynamique.framework in Frameworks */,
			);
			runOnlyForDeploymentPostprocessing = 0;
		};
/* End PBXFrameworksBuildPhase section */

/* Begin PBXGroup section */
		338BD5A2B3D07DDC9630D56B /* Pods */ = {
			isa = PBXGroup;
			children = (
				E80D4FFA4116F67BC7685DB0 /* Pods-MobiliteDynamique.debug.xcconfig */,
				98EFE1B85369B0EAA79E9F93 /* Pods-MobiliteDynamique.release.xcconfig */,
				D9FF255E7A010E448E251357 /* Pods-MobiliteDynamique-MobiliteDynamiqueTests.debug.xcconfig */,
				597B8239BCDB42819E679B14 /* Pods-MobiliteDynamique-MobiliteDynamiqueTests.release.xcconfig */,
				1C81AC796A72F05C2A621D0F /* Pods-MobiliteDynamique-MobiliteDynamiqueUITests.debug.xcconfig */,
				78DA376CAB8DE54B09AF1728 /* Pods-MobiliteDynamique-MobiliteDynamiqueUITests.release.xcconfig */,
				9DBF64A7715D32899BC94577 /* Pods-MobiliteDynamiqueTests.debug.xcconfig */,
				0BF4DFD593C08257E7019A06 /* Pods-MobiliteDynamiqueTests.release.xcconfig */,
				6D74A827C787EF855C4FDCE2 /* Pods-MobiliteDynamiqueUITests.debug.xcconfig */,
				FD8B733E4C52B338D9DBB215 /* Pods-MobiliteDynamiqueUITests.release.xcconfig */,
			);
			name = Pods;
			sourceTree = "<group>";
		};
		482233C5E38FBF55AD34A268 /* Frameworks */ = {
			isa = PBXGroup;
			children = (
				8047D99F1FDF378200C52184 /* SideMenu.framework */,
				8047D99D1FDF348500C52184 /* Eureka.framework */,
				8047D99B1FDF2ACB00C52184 /* Eureka.framework */,
				801E88381FD0F7A40016C3BC /* ResearchKit.framework */,
				80B258581F96BFFA00105B07 /* SwiftCSV.framework */,
				80820CE11F9419F50054CD38 /* SQLite.framework */,
				807E773F1F8C37F900601C4C /* libsqlite3.0.tbd */,
				807E77401F8C37F900601C4C /* libsqlite3.tbd */,
				97260A9B84A455958058C875 /* Pods_MobiliteDynamique.framework */,
				F1436762D121BC6ACB4C9C83 /* Pods_MobiliteDynamique_MobiliteDynamiqueTests.framework */,
				100F6997A6421C7A59850D66 /* Pods_MobiliteDynamique_MobiliteDynamiqueUITests.framework */,
				18700F0463A16EC6DFF5E712 /* Pods_MobiliteDynamiqueTests.framework */,
				C5913620DEBE1752D63BDE7F /* Pods_MobiliteDynamiqueUITests.framework */,
			);
			name = Frameworks;
			sourceTree = "<group>";
		};
		801E88121FD0BD0A0016C3BC /* icones and images */ = {
			isa = PBXGroup;
			children = (
				80B0B3D81FE2DC9400D13419 /* avatar_f.png */,
				80B0B3E31FE2DC9500D13419 /* avatar_m.png */,
				80B0B3E21FE2DC9400D13419 /* fumetto.png */,
				80B0B3DE1FE2DC9400D13419 /* ic_add.png */,
				80B0B3E41FE2DC9500D13419 /* ic_chat.png */,
				80B0B3E11FE2DC9400D13419 /* ic_default.png */,
				80B0B3D91FE2DC9400D13419 /* ic_share.png */,
				80B0B3DA1FE2DC9400D13419 /* icons8-bus-50.png */,
				80B0B3DF1FE2DC9400D13419 /* icons8-taxi-50.png */,
				80B0B3E01FE2DC9400D13419 /* icons8-train-filled-50.png */,
				80B0B3DB1FE2DC9400D13419 /* mobilitadinamica_splashscreen_blu.png */,
				80B0B3E51FE2DC9500D13419 /* mobilitadinamica_splashscreen.png */,
				80B0B3E71FE2DC9500D13419 /* peopleTalk.png */,
				80B0B3DC1FE2DC9400D13419 /* share.png */,
				80B0B3E81FE2DC9500D13419 /* SideButton */,
				80B0B3E61FE2DC9500D13419 /* smiley_good.png */,
				80B0B3DD1FE2DC9400D13419 /* smiley_sad.png */,
			);
			path = "icones and images";
			sourceTree = "<group>";
		};
		801E88131FD0BD2F0016C3BC /* tools */ = {
			isa = PBXGroup;
			children = (
				80EDECC11F97995500F43388 /* CSVparser.swift */,
				80EDECC91F97F69C00F43388 /* UiColorFromRGB.swift */,
			);
			path = tools;
			sourceTree = "<group>";
		};
		801E88141FD0BD500016C3BC /* model */ = {
			isa = PBXGroup;
			children = (
				80B2585F1F96C55B00105B07 /* BusLines.swift */,
				803F1F071FCE11D200322F77 /* SampleData.swift */,
				80820CE21F94585B0054CD38 /* Artwork.swift */,
				8047D9A21FDF59CD00C52184 /* UserDefaultsManager.swift */,
				8047D9A41FDF5C4D00C52184 /* NetworkManager.swift */,
				8031789A1F8B862900C6A337 /* LocationManager.swift */,
			);
			path = model;
			sourceTree = "<group>";
		};
		801E88151FD0BD6B0016C3BC /* Views controller */ = {
			isa = PBXGroup;
			children = (
				80CC844D1F8C69D300E2EE24 /* BusMapViewController.swift */,
				80B2585B1F96C43200105B07 /* BusLinesViewController.swift */,
				801E88181FD0D3010016C3BC /* ReportNavigationController.swift */,
				80DA33C01F826C0C003D9CD3 /* MainViewController.swift */,
				80EDECC31F97A56500F43388 /* HomeViewController.swift */,
				80820CE41F9459D10054CD38 /* VCMapView.swift */,
				80AA2F9B1FD08B7F0080F058 /* CreateReportViewController.swift */,
				801E88201FD0E6850016C3BC /* TrainSurveyTask.swift */,
				801E88391FD0FC0B0016C3BC /* TrainReportViewController.swift */,
				801E883B1FD105800016C3BC /* BusSurveyTask.swift */,
				801E883D1FD1059F0016C3BC /* BusReportViewController.swift */,
				801E883F1FD107180016C3BC /* TaxiSurveyTask.swift */,
				801E88411FD109240016C3BC /* TaxiReportViewController.swift */,
				8047D9A61FDF657D00C52184 /* SideMenuViewController.swift */,
				8047D9A81FDF69D200C52184 /* SideMenuTableViewController.swift */,
				80B0B3D41FE0709600D13419 /* ProfileViewController.swift */,
			);
			path = "Views controller";
			sourceTree = "<group>";
		};
		8031789D1F8B868600C6A337 /* Supporting Files */ = {
			isa = PBXGroup;
			children = (
				80DA33CA1F826C0C003D9CD3 /* Info.plist */,
				80CC844F1F8C6A8500E2EE24 /* StoryboardSupport.swift */,
			);
			name = "Supporting Files";
			sourceTree = "<group>";
		};
		8031789E1F8B86AA00C6A337 /* Storyboards and Assets */ = {
			isa = PBXGroup;
			children = (
				80DA33C21F826C0C003D9CD3 /* Main.storyboard */,
				80DA33C51F826C0C003D9CD3 /* Assets.xcassets */,
				80DA33C71F826C0C003D9CD3 /* LaunchScreen.storyboard */,
			);
			name = "Storyboards and Assets";
			sourceTree = "<group>";
		};
		80DA33B21F826C0C003D9CD3 = {
			isa = PBXGroup;
			children = (
				801E88121FD0BD0A0016C3BC /* icones and images */,
				80EDECBF1F97983F00F43388 /* busstop.csv */,
				80DA33BD1F826C0C003D9CD3 /* MobiliteDynamique */,
				80DA33D21F826C0D003D9CD3 /* MobiliteDynamiqueTests */,
				80DA33DD1F826C0D003D9CD3 /* MobiliteDynamiqueUITests */,
				80DA33BC1F826C0C003D9CD3 /* Products */,
				338BD5A2B3D07DDC9630D56B /* Pods */,
				482233C5E38FBF55AD34A268 /* Frameworks */,
			);
			sourceTree = "<group>";
		};
		80DA33BC1F826C0C003D9CD3 /* Products */ = {
			isa = PBXGroup;
			children = (
				80DA33BB1F826C0C003D9CD3 /* MobiliteDynamique.app */,
			);
			name = Products;
			sourceTree = "<group>";
		};
		80DA33BD1F826C0C003D9CD3 /* MobiliteDynamique */ = {
			isa = PBXGroup;
			children = (
				8031789F1F8B8F2400C6A337 /* AppDelegate.swift */,
				8031789E1F8B86AA00C6A337 /* Storyboards and Assets */,
				8031789D1F8B868600C6A337 /* Supporting Files */,
				80E692941F827ACA0005D6D3 /* BusData */,
				80E6928D1F8277500005D6D3 /* CoreData */,
				801E88131FD0BD2F0016C3BC /* tools */,
				801E88141FD0BD500016C3BC /* model */,
				801E88151FD0BD6B0016C3BC /* Views controller */,
			);
			path = MobiliteDynamique;
			sourceTree = "<group>";
		};
		80DA33D21F826C0D003D9CD3 /* MobiliteDynamiqueTests */ = {
			isa = PBXGroup;
			children = (
				80DA33D31F826C0D003D9CD3 /* MobiliteDynamiqueTests.swift */,
				80DA33D51F826C0D003D9CD3 /* Info.plist */,
			);
			path = MobiliteDynamiqueTests;
			sourceTree = "<group>";
		};
		80DA33DD1F826C0D003D9CD3 /* MobiliteDynamiqueUITests */ = {
			isa = PBXGroup;
			children = (
				80DA33DE1F826C0D003D9CD3 /* MobiliteDynamiqueUITests.swift */,
				80DA33E01F826C0D003D9CD3 /* Info.plist */,
			);
			path = MobiliteDynamiqueUITests;
			sourceTree = "<group>";
		};
		80E6928D1F8277500005D6D3 /* CoreData */ = {
			isa = PBXGroup;
			children = (
				80E6928E1F8277750005D6D3 /* UserLocations.xcdatamodeld */,
			);
			name = CoreData;
			path = ..;
			sourceTree = "<group>";
		};
		80E692941F827ACA0005D6D3 /* BusData */ = {
			isa = PBXGroup;
			children = (
				80E692951F827AFB0005D6D3 /* BusLines.xcdatamodeld */,
			);
			name = BusData;
			path = ..;
			sourceTree = "<group>";
		};
/* End PBXGroup section */

/* Begin PBXNativeTarget section */
		80DA33BA1F826C0C003D9CD3 /* MobiliteDynamique */ = {
			isa = PBXNativeTarget;
			buildConfigurationList = 80DA33E31F826C0D003D9CD3 /* Build configuration list for PBXNativeTarget "MobiliteDynamique" */;
			buildPhases = (
				67E83C7DA0C4D7E57CDE4AC4 /* [CP] Check Pods Manifest.lock */,
				80DA33B71F826C0C003D9CD3 /* Sources */,
				80DA33B81F826C0C003D9CD3 /* Frameworks */,
				80DA33B91F826C0C003D9CD3 /* Resources */,
				1458933401DD030DAF4D9E2A /* [CP] Embed Pods Frameworks */,
				C49B3AC702C0FDD7D3A90EBC /* [CP] Copy Pods Resources */,
			);
			buildRules = (
			);
			dependencies = (
			);
			name = MobiliteDynamique;
			productName = MobiliteDynamique;
			productReference = 80DA33BB1F826C0C003D9CD3 /* MobiliteDynamique.app */;
			productType = "com.apple.product-type.application";
		};
/* End PBXNativeTarget section */

/* Begin PBXProject section */
		80DA33B31F826C0C003D9CD3 /* Project object */ = {
			isa = PBXProject;
			attributes = {
				LastSwiftUpdateCheck = 0820;
				LastUpgradeCheck = 0910;
				ORGANIZATIONNAME = "Pierre Bathellier";
				TargetAttributes = {
					80DA33BA1F826C0C003D9CD3 = {
						CreatedOnToolsVersion = 8.2.1;
						DevelopmentTeam = 723V6AVL93;
						LastSwiftMigration = 0910;
						ProvisioningStyle = Automatic;
						SystemCapabilities = {
							com.apple.BackgroundModes = {
								enabled = 1;
							};
							com.apple.Maps.iOS = {
								enabled = 0;
							};
						};
					};
				};
			};
			buildConfigurationList = 80DA33B61F826C0C003D9CD3 /* Build configuration list for PBXProject "MobiliteDynamique" */;
			compatibilityVersion = "Xcode 3.2";
			developmentRegion = English;
			hasScannedForEncodings = 0;
			knownRegions = (
				en,
				Base,
			);
			mainGroup = 80DA33B21F826C0C003D9CD3;
			productRefGroup = 80DA33BC1F826C0C003D9CD3 /* Products */;
			projectDirPath = "";
			projectRoot = "";
			targets = (
				80DA33BA1F826C0C003D9CD3 /* MobiliteDynamique */,
			);
		};
/* End PBXProject section */

/* Begin PBXResourcesBuildPhase section */
		80DA33B91F826C0C003D9CD3 /* Resources */ = {
			isa = PBXResourcesBuildPhase;
			buildActionMask = 2147483647;
			files = (
				80EDECC01F97983F00F43388 /* busstop.csv in Resources */,
				80B0B3F21FE2DC9500D13419 /* ic_default.png in Resources */,
				80B0B3ED1FE2DC9500D13419 /* share.png in Resources */,
				80DA33C91F826C0C003D9CD3 /* LaunchScreen.storyboard in Resources */,
				80DA33C61F826C0C003D9CD3 /* Assets.xcassets in Resources */,
				80B0B3F11FE2DC9500D13419 /* icons8-train-filled-50.png in Resources */,
				80B0B3F91FE2DC9500D13419 /* SideButton in Resources */,
				80B0B3EC1FE2DC9500D13419 /* mobilitadinamica_splashscreen_blu.png in Resources */,
				80B0B3EB1FE2DC9500D13419 /* icons8-bus-50.png in Resources */,
				80B0B3F01FE2DC9500D13419 /* icons8-taxi-50.png in Resources */,
				80B0B3F31FE2DC9500D13419 /* fumetto.png in Resources */,
				80B0B3F41FE2DC9500D13419 /* avatar_m.png in Resources */,
				80B0B3EA1FE2DC9500D13419 /* ic_share.png in Resources */,
				80B0B3EE1FE2DC9500D13419 /* smiley_sad.png in Resources */,
				80B0B3E91FE2DC9500D13419 /* avatar_f.png in Resources */,
				80B0B3F81FE2DC9500D13419 /* peopleTalk.png in Resources */,
				80B0B3F51FE2DC9500D13419 /* ic_chat.png in Resources */,
				80B0B3EF1FE2DC9500D13419 /* ic_add.png in Resources */,
				80DA33C41F826C0C003D9CD3 /* Main.storyboard in Resources */,
				80B0B3F61FE2DC9500D13419 /* mobilitadinamica_splashscreen.png in Resources */,
				80B0B3F71FE2DC9500D13419 /* smiley_good.png in Resources */,
			);
			runOnlyForDeploymentPostprocessing = 0;
		};
/* End PBXResourcesBuildPhase section */

/* Begin PBXShellScriptBuildPhase section */
		1458933401DD030DAF4D9E2A /* [CP] Embed Pods Frameworks */ = {
			isa = PBXShellScriptBuildPhase;
			buildActionMask = 2147483647;
			files = (
			);
			inputPaths = (
				"${SRCROOT}/Pods/Target Support Files/Pods-MobiliteDynamique/Pods-MobiliteDynamique-frameworks.sh",
				"${BUILT_PRODUCTS_DIR}/Eureka/Eureka.framework",
				"${BUILT_PRODUCTS_DIR}/ResearchKit/ResearchKit.framework",
				"${BUILT_PRODUCTS_DIR}/SQLite.swift/SQLite.framework",
				"${BUILT_PRODUCTS_DIR}/SideMenu/SideMenu.framework",
			);
			name = "[CP] Embed Pods Frameworks";
			outputPaths = (
				"${TARGET_BUILD_DIR}/${FRAMEWORKS_FOLDER_PATH}/Eureka.framework",
				"${TARGET_BUILD_DIR}/${FRAMEWORKS_FOLDER_PATH}/ResearchKit.framework",
				"${TARGET_BUILD_DIR}/${FRAMEWORKS_FOLDER_PATH}/SQLite.framework",
				"${TARGET_BUILD_DIR}/${FRAMEWORKS_FOLDER_PATH}/SideMenu.framework",
			);
			runOnlyForDeploymentPostprocessing = 0;
			shellPath = /bin/sh;
			shellScript = "\"${SRCROOT}/Pods/Target Support Files/Pods-MobiliteDynamique/Pods-MobiliteDynamique-frameworks.sh\"\n";
			showEnvVarsInLog = 0;
		};
		67E83C7DA0C4D7E57CDE4AC4 /* [CP] Check Pods Manifest.lock */ = {
			isa = PBXShellScriptBuildPhase;
			buildActionMask = 2147483647;
			files = (
			);
			inputPaths = (
				"${PODS_PODFILE_DIR_PATH}/Podfile.lock",
				"${PODS_ROOT}/Manifest.lock",
			);
			name = "[CP] Check Pods Manifest.lock";
			outputPaths = (
				"$(DERIVED_FILE_DIR)/Pods-MobiliteDynamique-checkManifestLockResult.txt",
			);
			runOnlyForDeploymentPostprocessing = 0;
			shellPath = /bin/sh;
			shellScript = "diff \"${PODS_PODFILE_DIR_PATH}/Podfile.lock\" \"${PODS_ROOT}/Manifest.lock\" > /dev/null\nif [ $? != 0 ] ; then\n    # print error to STDERR\n    echo \"error: The sandbox is not in sync with the Podfile.lock. Run 'pod install' or update your CocoaPods installation.\" >&2\n    exit 1\nfi\n# This output is used by Xcode 'outputs' to avoid re-running this script phase.\necho \"SUCCESS\" > \"${SCRIPT_OUTPUT_FILE_0}\"\n";
			showEnvVarsInLog = 0;
		};
		C49B3AC702C0FDD7D3A90EBC /* [CP] Copy Pods Resources */ = {
			isa = PBXShellScriptBuildPhase;
			buildActionMask = 2147483647;
			files = (
			);
			inputPaths = (
				"${SRCROOT}/Pods/Target Support Files/Pods-MobiliteDynamique/Pods-MobiliteDynamique-resources.sh",
				"${PODS_ROOT}/GoogleMaps/Maps/Frameworks/GoogleMaps.framework/Resources/GoogleMaps.bundle",
				"${PODS_ROOT}/GooglePlaces/Frameworks/GooglePlaces.framework/Resources/GooglePlaces.bundle",
			);
			name = "[CP] Copy Pods Resources";
			outputPaths = (
				"${TARGET_BUILD_DIR}/${UNLOCALIZED_RESOURCES_FOLDER_PATH}",
			);
			runOnlyForDeploymentPostprocessing = 0;
			shellPath = /bin/sh;
			shellScript = "\"${SRCROOT}/Pods/Target Support Files/Pods-MobiliteDynamique/Pods-MobiliteDynamique-resources.sh\"\n";
			showEnvVarsInLog = 0;
		};
/* End PBXShellScriptBuildPhase section */

/* Begin PBXSourcesBuildPhase section */
		80DA33B71F826C0C003D9CD3 /* Sources */ = {
			isa = PBXSourcesBuildPhase;
			buildActionMask = 2147483647;
			files = (
				80820CE51F9459D10054CD38 /* VCMapView.swift in Sources */,
				80DA33C11F826C0C003D9CD3 /* MainViewController.swift in Sources */,
				8031789B1F8B862900C6A337 /* LocationManager.swift in Sources */,
				80B2585C1F96C43200105B07 /* BusLinesViewController.swift in Sources */,
				80AA2F9C1FD08B7F0080F058 /* CreateReportViewController.swift in Sources */,
				80EDECC21F97995500F43388 /* CSVparser.swift in Sources */,
				80EDECC41F97A56500F43388 /* HomeViewController.swift in Sources */,
				80820CE31F94585B0054CD38 /* Artwork.swift in Sources */,
				801E88211FD0E6850016C3BC /* TrainSurveyTask.swift in Sources */,
				801E883C1FD105800016C3BC /* BusSurveyTask.swift in Sources */,
				801E88401FD107180016C3BC /* TaxiSurveyTask.swift in Sources */,
				80CC844E1F8C69D300E2EE24 /* BusMapViewController.swift in Sources */,
				80B258601F96C55B00105B07 /* BusLines.swift in Sources */,
				8047D9A91FDF69D300C52184 /* SideMenuTableViewController.swift in Sources */,
				80EDECCA1F97F69C00F43388 /* UiColorFromRGB.swift in Sources */,
				801E883E1FD1059F0016C3BC /* BusReportViewController.swift in Sources */,
				801E88191FD0D3010016C3BC /* ReportNavigationController.swift in Sources */,
				8047D9A71FDF657D00C52184 /* SideMenuViewController.swift in Sources */,
				80B0B3D51FE0709600D13419 /* ProfileViewController.swift in Sources */,
				80E692971F827AFB0005D6D3 /* BusLines.xcdatamodeld in Sources */,
				803178A01F8B8F2400C6A337 /* AppDelegate.swift in Sources */,
				80E692901F8277750005D6D3 /* UserLocations.xcdatamodeld in Sources */,
				803F1F081FCE11D300322F77 /* SampleData.swift in Sources */,
				8047D9A31FDF59CD00C52184 /* UserDefaultsManager.swift in Sources */,
				80CC84501F8C6A8500E2EE24 /* StoryboardSupport.swift in Sources */,
				8047D9A51FDF5C4D00C52184 /* NetworkManager.swift in Sources */,
				801E88421FD109240016C3BC /* TaxiReportViewController.swift in Sources */,
				801E883A1FD0FC0B0016C3BC /* TrainReportViewController.swift in Sources */,
			);
			runOnlyForDeploymentPostprocessing = 0;
		};
/* End PBXSourcesBuildPhase section */

/* Begin PBXVariantGroup section */
		80DA33C21F826C0C003D9CD3 /* Main.storyboard */ = {
			isa = PBXVariantGroup;
			children = (
				80DA33C31F826C0C003D9CD3 /* Base */,
			);
			name = Main.storyboard;
			sourceTree = "<group>";
		};
		80DA33C71F826C0C003D9CD3 /* LaunchScreen.storyboard */ = {
			isa = PBXVariantGroup;
			children = (
				80DA33C81F826C0C003D9CD3 /* Base */,
			);
			name = LaunchScreen.storyboard;
			sourceTree = "<group>";
		};
/* End PBXVariantGroup section */

/* Begin XCBuildConfiguration section */
		80DA33E11F826C0D003D9CD3 /* Debug */ = {
			isa = XCBuildConfiguration;
			buildSettings = {
				ALWAYS_SEARCH_USER_PATHS = NO;
				CLANG_ANALYZER_NONNULL = YES;
				CLANG_CXX_LANGUAGE_STANDARD = "gnu++0x";
				CLANG_CXX_LIBRARY = "libc++";
				CLANG_ENABLE_MODULES = YES;
				CLANG_ENABLE_OBJC_ARC = YES;
				CLANG_WARN_BLOCK_CAPTURE_AUTORELEASING = YES;
				CLANG_WARN_BOOL_CONVERSION = YES;
				CLANG_WARN_COMMA = YES;
				CLANG_WARN_CONSTANT_CONVERSION = YES;
				CLANG_WARN_DIRECT_OBJC_ISA_USAGE = YES_ERROR;
				CLANG_WARN_DOCUMENTATION_COMMENTS = YES;
				CLANG_WARN_EMPTY_BODY = YES;
				CLANG_WARN_ENUM_CONVERSION = YES;
				CLANG_WARN_INFINITE_RECURSION = YES;
				CLANG_WARN_INT_CONVERSION = YES;
				CLANG_WARN_NON_LITERAL_NULL_CONVERSION = YES;
				CLANG_WARN_OBJC_LITERAL_CONVERSION = YES;
				CLANG_WARN_OBJC_ROOT_CLASS = YES_ERROR;
				CLANG_WARN_RANGE_LOOP_ANALYSIS = YES;
				CLANG_WARN_STRICT_PROTOTYPES = YES;
				CLANG_WARN_SUSPICIOUS_MOVE = YES;
				CLANG_WARN_UNREACHABLE_CODE = YES;
				CLANG_WARN__DUPLICATE_METHOD_MATCH = YES;
				"CODE_SIGN_IDENTITY[sdk=iphoneos*]" = "iPhone Developer";
				COPY_PHASE_STRIP = NO;
				DEBUG_INFORMATION_FORMAT = dwarf;
				ENABLE_STRICT_OBJC_MSGSEND = YES;
				ENABLE_TESTABILITY = YES;
				GCC_C_LANGUAGE_STANDARD = gnu99;
				GCC_DYNAMIC_NO_PIC = NO;
				GCC_NO_COMMON_BLOCKS = YES;
				GCC_OPTIMIZATION_LEVEL = 0;
				GCC_PREPROCESSOR_DEFINITIONS = (
					"DEBUG=1",
					"$(inherited)",
				);
				GCC_WARN_64_TO_32_BIT_CONVERSION = YES;
				GCC_WARN_ABOUT_RETURN_TYPE = YES_ERROR;
				GCC_WARN_UNDECLARED_SELECTOR = YES;
				GCC_WARN_UNINITIALIZED_AUTOS = YES_AGGRESSIVE;
				GCC_WARN_UNUSED_FUNCTION = YES;
				GCC_WARN_UNUSED_VARIABLE = YES;
				IPHONEOS_DEPLOYMENT_TARGET = 10.2;
				MTL_ENABLE_DEBUG_INFO = YES;
				ONLY_ACTIVE_ARCH = YES;
				SDKROOT = iphoneos;
				SWIFT_ACTIVE_COMPILATION_CONDITIONS = DEBUG;
				SWIFT_OPTIMIZATION_LEVEL = "-Onone";
				SWIFT_VERSION = 4.0;
				TARGETED_DEVICE_FAMILY = "1,2";
			};
			name = Debug;
		};
		80DA33E21F826C0D003D9CD3 /* Release */ = {
			isa = XCBuildConfiguration;
			buildSettings = {
				ALWAYS_SEARCH_USER_PATHS = NO;
				CLANG_ANALYZER_NONNULL = YES;
				CLANG_CXX_LANGUAGE_STANDARD = "gnu++0x";
				CLANG_CXX_LIBRARY = "libc++";
				CLANG_ENABLE_MODULES = YES;
				CLANG_ENABLE_OBJC_ARC = YES;
				CLANG_WARN_BLOCK_CAPTURE_AUTORELEASING = YES;
				CLANG_WARN_BOOL_CONVERSION = YES;
				CLANG_WARN_COMMA = YES;
				CLANG_WARN_CONSTANT_CONVERSION = YES;
				CLANG_WARN_DIRECT_OBJC_ISA_USAGE = YES_ERROR;
				CLANG_WARN_DOCUMENTATION_COMMENTS = YES;
				CLANG_WARN_EMPTY_BODY = YES;
				CLANG_WARN_ENUM_CONVERSION = YES;
				CLANG_WARN_INFINITE_RECURSION = YES;
				CLANG_WARN_INT_CONVERSION = YES;
				CLANG_WARN_NON_LITERAL_NULL_CONVERSION = YES;
				CLANG_WARN_OBJC_LITERAL_CONVERSION = YES;
				CLANG_WARN_OBJC_ROOT_CLASS = YES_ERROR;
				CLANG_WARN_RANGE_LOOP_ANALYSIS = YES;
				CLANG_WARN_STRICT_PROTOTYPES = YES;
				CLANG_WARN_SUSPICIOUS_MOVE = YES;
				CLANG_WARN_UNREACHABLE_CODE = YES;
				CLANG_WARN__DUPLICATE_METHOD_MATCH = YES;
				"CODE_SIGN_IDENTITY[sdk=iphoneos*]" = "iPhone Developer";
				COPY_PHASE_STRIP = NO;
				DEBUG_INFORMATION_FORMAT = "dwarf-with-dsym";
				ENABLE_NS_ASSERTIONS = NO;
				ENABLE_STRICT_OBJC_MSGSEND = YES;
				GCC_C_LANGUAGE_STANDARD = gnu99;
				GCC_NO_COMMON_BLOCKS = YES;
				GCC_WARN_64_TO_32_BIT_CONVERSION = YES;
				GCC_WARN_ABOUT_RETURN_TYPE = YES_ERROR;
				GCC_WARN_UNDECLARED_SELECTOR = YES;
				GCC_WARN_UNINITIALIZED_AUTOS = YES_AGGRESSIVE;
				GCC_WARN_UNUSED_FUNCTION = YES;
				GCC_WARN_UNUSED_VARIABLE = YES;
				IPHONEOS_DEPLOYMENT_TARGET = 10.2;
				MTL_ENABLE_DEBUG_INFO = NO;
				SDKROOT = iphoneos;
				SWIFT_OPTIMIZATION_LEVEL = "-Owholemodule";
				SWIFT_VERSION = 4.0;
				TARGETED_DEVICE_FAMILY = "1,2";
				VALIDATE_PRODUCT = YES;
			};
			name = Release;
		};
		80DA33E41F826C0D003D9CD3 /* Debug */ = {
			isa = XCBuildConfiguration;
			baseConfigurationReference = E80D4FFA4116F67BC7685DB0 /* Pods-MobiliteDynamique.debug.xcconfig */;
			buildSettings = {
				ALWAYS_EMBED_SWIFT_STANDARD_LIBRARIES = NO;
				ASSETCATALOG_COMPILER_APPICON_NAME = AppIcon;
				DEVELOPMENT_TEAM = 723V6AVL93;
				INFOPLIST_FILE = MobiliteDynamique/Info.plist;
				LD_RUNPATH_SEARCH_PATHS = "$(inherited) @executable_path/Frameworks";
				PRODUCT_BUNDLE_IDENTIFIER = TX.MobiliteDynamique;
				PRODUCT_NAME = "$(TARGET_NAME)";
				SWIFT_SWIFT3_OBJC_INFERENCE = On;
				SWIFT_VERSION = 4.0;
			};
			name = Debug;
		};
		80DA33E51F826C0D003D9CD3 /* Release */ = {
			isa = XCBuildConfiguration;
			baseConfigurationReference = 98EFE1B85369B0EAA79E9F93 /* Pods-MobiliteDynamique.release.xcconfig */;
			buildSettings = {
				ALWAYS_EMBED_SWIFT_STANDARD_LIBRARIES = NO;
				ASSETCATALOG_COMPILER_APPICON_NAME = AppIcon;
				DEVELOPMENT_TEAM = 723V6AVL93;
				INFOPLIST_FILE = MobiliteDynamique/Info.plist;
				LD_RUNPATH_SEARCH_PATHS = "$(inherited) @executable_path/Frameworks";
				PRODUCT_BUNDLE_IDENTIFIER = TX.MobiliteDynamique;
				PRODUCT_NAME = "$(TARGET_NAME)";
				SWIFT_SWIFT3_OBJC_INFERENCE = On;
				SWIFT_VERSION = 4.0;
			};
			name = Release;
		};
/* End XCBuildConfiguration section */

/* Begin XCConfigurationList section */
		80DA33B61F826C0C003D9CD3 /* Build configuration list for PBXProject "MobiliteDynamique" */ = {
			isa = XCConfigurationList;
			buildConfigurations = (
				80DA33E11F826C0D003D9CD3 /* Debug */,
				80DA33E21F826C0D003D9CD3 /* Release */,
			);
			defaultConfigurationIsVisible = 0;
			defaultConfigurationName = Release;
		};
		80DA33E31F826C0D003D9CD3 /* Build configuration list for PBXNativeTarget "MobiliteDynamique" */ = {
			isa = XCConfigurationList;
			buildConfigurations = (
				80DA33E41F826C0D003D9CD3 /* Debug */,
				80DA33E51F826C0D003D9CD3 /* Release */,
			);
			defaultConfigurationIsVisible = 0;
			defaultConfigurationName = Release;
		};
/* End XCConfigurationList section */

/* Begin XCVersionGroup section */
		80E6928E1F8277750005D6D3 /* UserLocations.xcdatamodeld */ = {
			isa = XCVersionGroup;
			children = (
				80E6928F1F8277750005D6D3 /* UserLocations.xcdatamodel */,
			);
			currentVersion = 80E6928F1F8277750005D6D3 /* UserLocations.xcdatamodel */;
			path = UserLocations.xcdatamodeld;
			sourceTree = "<group>";
			versionGroupType = wrapper.xcdatamodel;
		};
		80E692951F827AFB0005D6D3 /* BusLines.xcdatamodeld */ = {
			isa = XCVersionGroup;
			children = (
				80E692961F827AFB0005D6D3 /* BusLines.xcdatamodel */,
			);
			currentVersion = 80E692961F827AFB0005D6D3 /* BusLines.xcdatamodel */;
			path = BusLines.xcdatamodeld;
			sourceTree = "<group>";
			versionGroupType = wrapper.xcdatamodel;
		};
/* End XCVersionGroup section */
	};
	rootObject = 80DA33B31F826C0C003D9CD3 /* Project object */;
}
